
Microsoft Visual Studio Solution File, Format Version 12.00
# Visual Studio 14
VisualStudioVersion = 14.0.25420.1
MinimumVisualStudioVersion = 10.0.40219.1
Project("{FAE04EC0-301F-11D3-BF4B-00C04F79EFBC}") = "MvcBloodBankSystem", "MvcBloodBankSystem\MvcBloodBankSystem.csproj", "{41329911-56E0-43AD-A511-B187599F24FE}"
EndProject
Project("{FAE04EC0-301F-11D3-BF4B-00C04F79EFBC}") = "BloodBankModels", "BloodBankModels\BloodBankModels.csproj", "{377A6F2B-54E1-4C2A-8652-E9BAADA78489}"
EndProject
Global
	GlobalSection(SolutionConfigurationPlatforms) = preSolution
		Debug|Any CPU = Debug|Any CPU
		Release|Any CPU = Release|Any CPU
	EndGlobalSection
	GlobalSection(ProjectConfigurationPlatforms) = postSolution
		{41329911-56E0-43AD-A511-B187599F24FE}.Debug|Any CPU.ActiveCfg = Debug|Any CPU
		{41329911-56E0-43AD-A511-B187599F24FE}.Debug|Any CPU.Build.0 = Debug|Any CPU
		{41329911-56E0-43AD-A511-B187599F24FE}.Release|Any CPU.ActiveCfg = Release|Any CPU
		{41329911-56E0-43AD-A511-B187599F24FE}.Release|Any CPU.Build.0 = Release|Any CPU
		{377A6F2B-54E1-4C2A-8652-E9BAADA78489}.Debug|Any CPU.ActiveCfg = Debug|Any CPU
		{377A6F2B-54E1-4C2A-8652-E9BAADA78489}.Debug|Any CPU.Build.0 = Debug|Any CPU
		{377A6F2B-54E1-4C2A-8652-E9BAADA78489}.Release|Any CPU.ActiveCfg = Release|Any CPU
		{377A6F2B-54E1-4C2A-8652-E9BAADA78489}.Release|Any CPU.Build.0 = Release|Any CPU
	EndGlobalSection
	GlobalSection(SolutionProperties) = preSolution
		HideSolutionNode = FALSE
	EndGlobalSection
EndGlobal
